
Microsoft Visual Studio Solution File, Format Version 12.00
# Visual Studio Version 17
VisualStudioVersion = 17.6.33829.357
MinimumVisualStudioVersion = 10.0.40219.1
Project("{FAE04EC0-301F-11D3-BF4B-00C04F79EFBC}") = "Adidas", "Adidas.csproj", "{8DC018E5-9650-4B05-8008-F69CD7126A71}"
EndProject
Global
	GlobalSection(SolutionConfigurationPlatforms) = preSolution
		Debug|Any CPU = Debug|Any CPU
		Release|Any CPU = Release|Any CPU
	EndGlobalSection
	GlobalSection(ProjectConfigurationPlatforms) = postSolution
		{8DC018E5-9650-4B05-8008-F69CD7126A71}.Debug|Any CPU.ActiveCfg = Debug|Any CPU
		{8DC018E5-9650-4B05-8008-F69CD7126A71}.Debug|Any CPU.Build.0 = Debug|Any CPU
		{8DC018E5-9650-4B05-8008-F69CD7126A71}.Release|Any CPU.ActiveCfg = Release|Any CPU
		{8DC018E5-9650-4B05-8008-F69CD7126A71}.Release|Any CPU.Build.0 = Release|Any CPU
	EndGlobalSection
	GlobalSection(SolutionProperties) = preSolution
		HideSolutionNode = FALSE
	EndGlobalSection
	GlobalSection(ExtensibilityGlobals) = postSolution
		SolutionGuid = {029E000F-E13A-4FB0-8F99-AC573E85828C}
	EndGlobalSection
EndGlobal
